
Microsoft Visual Studio Solution File, Format Version 12.00
# Visual Studio Version 17
VisualStudioVersion = 17.4.33103.184
MinimumVisualStudioVersion = 10.0.40219.1
Project("{FAE04EC0-301F-11D3-BF4B-00C04F79EFBC}") = "Pudelko", "Pudelko.csproj", "{DB893D9E-09E2-4F9F-BD68-1D63D778D1EC}"
EndProject
Global
	GlobalSection(SolutionConfigurationPlatforms) = preSolution
		Debug|Any CPU = Debug|Any CPU
		Release|Any CPU = Release|Any CPU
	EndGlobalSection
	GlobalSection(ProjectConfigurationPlatforms) = postSolution
		{DB893D9E-09E2-4F9F-BD68-1D63D778D1EC}.Debug|Any CPU.ActiveCfg = Debug|Any CPU
		{DB893D9E-09E2-4F9F-BD68-1D63D778D1EC}.Debug|Any CPU.Build.0 = Debug|Any CPU
		{DB893D9E-09E2-4F9F-BD68-1D63D778D1EC}.Release|Any CPU.ActiveCfg = Release|Any CPU
		{DB893D9E-09E2-4F9F-BD68-1D63D778D1EC}.Release|Any CPU.Build.0 = Release|Any CPU
	EndGlobalSection
	GlobalSection(SolutionProperties) = preSolution
		HideSolutionNode = FALSE
	EndGlobalSection
	GlobalSection(ExtensibilityGlobals) = postSolution
		SolutionGuid = {C908AC27-9194-4B93-80C3-7974A16C83E1}
	EndGlobalSection
EndGlobal
